
Microsoft Visual Studio Solution File, Format Version 12.00
# Visual Studio Version 16
VisualStudioVersion = 16.0.29102.190
MinimumVisualStudioVersion = 10.0.40219.1
Project("{FAE04EC0-301F-11D3-BF4B-00C04F79EFBC}") = "KCafeChallenge", "KCafeChallenge\KCafeChallenge.csproj", "{0C4D9FB8-DDA3-4D6A-80C7-5F6CE18DAC87}"
EndProject
Project("{FAE04EC0-301F-11D3-BF4B-00C04F79EFBC}") = "KCafe_Console", "KCafe_Console\KCafe_Console.csproj", "{402F0DB9-09B9-4A75-B610-2DDFCAAD0F57}"
EndProject
Project("{FAE04EC0-301F-11D3-BF4B-00C04F79EFBC}") = "KCafe_Test", "KCafe_Test\KCafe_Test.csproj", "{60E1AA5E-3366-4F46-8818-745D8799621B}"
EndProject
Global
	GlobalSection(SolutionConfigurationPlatforms) = preSolution
		Debug|Any CPU = Debug|Any CPU
		Release|Any CPU = Release|Any CPU
	EndGlobalSection
	GlobalSection(ProjectConfigurationPlatforms) = postSolution
		{0C4D9FB8-DDA3-4D6A-80C7-5F6CE18DAC87}.Debug|Any CPU.ActiveCfg = Debug|Any CPU
		{0C4D9FB8-DDA3-4D6A-80C7-5F6CE18DAC87}.Debug|Any CPU.Build.0 = Debug|Any CPU
		{0C4D9FB8-DDA3-4D6A-80C7-5F6CE18DAC87}.Release|Any CPU.ActiveCfg = Release|Any CPU
		{0C4D9FB8-DDA3-4D6A-80C7-5F6CE18DAC87}.Release|Any CPU.Build.0 = Release|Any CPU
		{402F0DB9-09B9-4A75-B610-2DDFCAAD0F57}.Debug|Any CPU.ActiveCfg = Debug|Any CPU
		{402F0DB9-09B9-4A75-B610-2DDFCAAD0F57}.Debug|Any CPU.Build.0 = Debug|Any CPU
		{402F0DB9-09B9-4A75-B610-2DDFCAAD0F57}.Release|Any CPU.ActiveCfg = Release|Any CPU
		{402F0DB9-09B9-4A75-B610-2DDFCAAD0F57}.Release|Any CPU.Build.0 = Release|Any CPU
		{60E1AA5E-3366-4F46-8818-745D8799621B}.Debug|Any CPU.ActiveCfg = Debug|Any CPU
		{60E1AA5E-3366-4F46-8818-745D8799621B}.Debug|Any CPU.Build.0 = Debug|Any CPU
		{60E1AA5E-3366-4F46-8818-745D8799621B}.Release|Any CPU.ActiveCfg = Release|Any CPU
		{60E1AA5E-3366-4F46-8818-745D8799621B}.Release|Any CPU.Build.0 = Release|Any CPU
	EndGlobalSection
	GlobalSection(SolutionProperties) = preSolution
		HideSolutionNode = FALSE
	EndGlobalSection
	GlobalSection(ExtensibilityGlobals) = postSolution
		SolutionGuid = {2211AE4F-BB8A-4205-8777-0A00B8B46503}
	EndGlobalSection
EndGlobal
